post:
  summary: Låser et skjema for redigering
  operationId: lockForm
  security:
  - bearerAuth: []
  parameters:
    - name: formPath
      in: path
      description: Skjemaets path
      required: true
      schema:
        $ref: "./components.yaml#/components/schemas/FormPath"
  requestBody:
   content:
     application/json:
       schema:
         $ref: "./components.yaml#/components/schemas/LockFormRequest"
   required: true
  responses:
    200:
      description: Returnerer skjemaet
      content:
        application/json:
          schema:
            $ref: "./components.yaml#/components/schemas/FormDto"
    404:
      description: Finner ikke skjema med gitt id
      content:
        application/json:
          schema:
            $ref: "../common/components.yaml#/components/schemas/ErrorResponseDto"
  tags:
    - edit-forms

delete:
  summary: Fjerner låsen på skjemaet
  operationId: unlockForm
  security:
  - bearerAuth: []
  parameters:
    - name: formPath
      in: path
      description: Skjemaets path
      required: true
      schema:
        $ref: "./components.yaml#/components/schemas/FormPath"
  responses:
    200:
      description: Returnerer skjemaet
      content:
        application/json:
          schema:
            $ref: "./components.yaml#/components/schemas/FormDto"
    404:
      description: Finner ikke skjema med gitt id
      content:
        application/json:
          schema:
            $ref: "../common/components.yaml#/components/schemas/ErrorResponseDto"
  tags:
    - edit-forms
